
Microsoft Visual Studio Solution File, Format Version 12.00
# Visual Studio Version 17
VisualStudioVersion = 17.7.34221.43
MinimumVisualStudioVersion = 10.0.40219.1
Project("{FAE04EC0-301F-11D3-BF4B-00C04F79EFBC}") = "DrawSomthing", "DrawSomthing\DrawSomthing.csproj", "{CF44437B-681B-4AF8-839E-D3EFCA3E3B87}"
EndProject
Global
	GlobalSection(SolutionConfigurationPlatforms) = preSolution
		Debug|Any CPU = Debug|Any CPU
		Release|Any CPU = Release|Any CPU
	EndGlobalSection
	GlobalSection(ProjectConfigurationPlatforms) = postSolution
		{CF44437B-681B-4AF8-839E-D3EFCA3E3B87}.Debug|Any CPU.ActiveCfg = Debug|Any CPU
		{CF44437B-681B-4AF8-839E-D3EFCA3E3B87}.Debug|Any CPU.Build.0 = Debug|Any CPU
		{CF44437B-681B-4AF8-839E-D3EFCA3E3B87}.Release|Any CPU.ActiveCfg = Release|Any CPU
		{CF44437B-681B-4AF8-839E-D3EFCA3E3B87}.Release|Any CPU.Build.0 = Release|Any CPU
	EndGlobalSection
	GlobalSection(SolutionProperties) = preSolution
		HideSolutionNode = FALSE
	EndGlobalSection
	GlobalSection(ExtensibilityGlobals) = postSolution
		SolutionGuid = {F1D05F1F-4B86-4D8A-9E21-8723622CFC57}
	EndGlobalSection
EndGlobal
